
Microsoft Visual Studio Solution File, Format Version 12.00
# Visual Studio Version 16
VisualStudioVersion = 16.0.29020.237
MinimumVisualStudioVersion = 15.0.26124.0
Project("{9A19103F-16F7-4668-BE54-9A1E7A4F7556}") = "BlazorRouter", "BlazorRouter\BlazorRouter.csproj", "{4C346539-90A0-4EBC-8D51-D0CFF7969CC0}"
EndProject
Project("{9A19103F-16F7-4668-BE54-9A1E7A4F7556}") = "BlazorRouter.Sample", "BlazorRouter.Test\BlazorRouter.Sample.csproj", "{52A3F6BB-C000-4534-8488-3C4180D794D8}"
EndProject
Global
	GlobalSection(SolutionConfigurationPlatforms) = preSolution
		Debug|Any CPU = Debug|Any CPU
		Debug|x64 = Debug|x64
		Debug|x86 = Debug|x86
		Release|Any CPU = Release|Any CPU
		Release|x64 = Release|x64
		Release|x86 = Release|x86
	EndGlobalSection
	GlobalSection(ProjectConfigurationPlatforms) = postSolution
		{4C346539-90A0-4EBC-8D51-D0CFF7969CC0}.Debug|Any CPU.ActiveCfg = Debug|Any CPU
		{4C346539-90A0-4EBC-8D51-D0CFF7969CC0}.Debug|Any CPU.Build.0 = Debug|Any CPU
		{4C346539-90A0-4EBC-8D51-D0CFF7969CC0}.Debug|x64.ActiveCfg = Debug|Any CPU
		{4C346539-90A0-4EBC-8D51-D0CFF7969CC0}.Debug|x64.Build.0 = Debug|Any CPU
		{4C346539-90A0-4EBC-8D51-D0CFF7969CC0}.Debug|x86.ActiveCfg = Debug|Any CPU
		{4C346539-90A0-4EBC-8D51-D0CFF7969CC0}.Debug|x86.Build.0 = Debug|Any CPU
		{4C346539-90A0-4EBC-8D51-D0CFF7969CC0}.Release|Any CPU.ActiveCfg = Release|Any CPU
		{4C346539-90A0-4EBC-8D51-D0CFF7969CC0}.Release|Any CPU.Build.0 = Release|Any CPU
		{4C346539-90A0-4EBC-8D51-D0CFF7969CC0}.Release|x64.ActiveCfg = Release|Any CPU
		{4C346539-90A0-4EBC-8D51-D0CFF7969CC0}.Release|x64.Build.0 = Release|Any CPU
		{4C346539-90A0-4EBC-8D51-D0CFF7969CC0}.Release|x86.ActiveCfg = Release|Any CPU
		{4C346539-90A0-4EBC-8D51-D0CFF7969CC0}.Release|x86.Build.0 = Release|Any CPU
		{52A3F6BB-C000-4534-8488-3C4180D794D8}.Debug|Any CPU.ActiveCfg = Debug|Any CPU
		{52A3F6BB-C000-4534-8488-3C4180D794D8}.Debug|Any CPU.Build.0 = Debug|Any CPU
		{52A3F6BB-C000-4534-8488-3C4180D794D8}.Debug|x64.ActiveCfg = Debug|Any CPU
		{52A3F6BB-C000-4534-8488-3C4180D794D8}.Debug|x64.Build.0 = Debug|Any CPU
		{52A3F6BB-C000-4534-8488-3C4180D794D8}.Debug|x86.ActiveCfg = Debug|Any CPU
		{52A3F6BB-C000-4534-8488-3C4180D794D8}.Debug|x86.Build.0 = Debug|Any CPU
		{52A3F6BB-C000-4534-8488-3C4180D794D8}.Release|Any CPU.ActiveCfg = Release|Any CPU
		{52A3F6BB-C000-4534-8488-3C4180D794D8}.Release|Any CPU.Build.0 = Release|Any CPU
		{52A3F6BB-C000-4534-8488-3C4180D794D8}.Release|x64.ActiveCfg = Release|Any CPU
		{52A3F6BB-C000-4534-8488-3C4180D794D8}.Release|x64.Build.0 = Release|Any CPU
		{52A3F6BB-C000-4534-8488-3C4180D794D8}.Release|x86.ActiveCfg = Release|Any CPU
		{52A3F6BB-C000-4534-8488-3C4180D794D8}.Release|x86.Build.0 = Release|Any CPU
	EndGlobalSection
	GlobalSection(SolutionProperties) = preSolution
		HideSolutionNode = FALSE
	EndGlobalSection
	GlobalSection(ExtensibilityGlobals) = postSolution
		SolutionGuid = {15B7B178-4218-4248-A255-035101CBBD72}
	EndGlobalSection
EndGlobal
